
Microsoft Visual Studio Solution File, Format Version 12.00
# Visual Studio Version 17
VisualStudioVersion = 17.8.34408.163
MinimumVisualStudioVersion = 10.0.40219.1
Project("{FAE04EC0-301F-11D3-BF4B-00C04F79EFBC}") = "Demo_Product", "Demo_Product\Demo_Product.csproj", "{DAA99AE3-EEED-4A40-8F83-5E75BD17A290}"
EndProject
Project("{FAE04EC0-301F-11D3-BF4B-00C04F79EFBC}") = "DataAccessLayer", "DataAccessLayer\DataAccessLayer.csproj", "{2A053CAD-E3CD-4D90-B0AB-D3A9691CF504}"
EndProject
Project("{FAE04EC0-301F-11D3-BF4B-00C04F79EFBC}") = "BusinessLayer", "BusinessLayer\BusinessLayer.csproj", "{8E170D86-AAAA-4EC2-B9E2-9A786F08ED85}"
EndProject
Project("{FAE04EC0-301F-11D3-BF4B-00C04F79EFBC}") = "EntityLayer", "EntityLayer\EntityLayer.csproj", "{3D935852-FCFB-4D9B-A4CA-813713F5B96A}"
EndProject
Global
	GlobalSection(SolutionConfigurationPlatforms) = preSolution
		Debug|Any CPU = Debug|Any CPU
		Release|Any CPU = Release|Any CPU
	EndGlobalSection
	GlobalSection(ProjectConfigurationPlatforms) = postSolution
		{DAA99AE3-EEED-4A40-8F83-5E75BD17A290}.Debug|Any CPU.ActiveCfg = Debug|Any CPU
		{DAA99AE3-EEED-4A40-8F83-5E75BD17A290}.Debug|Any CPU.Build.0 = Debug|Any CPU
		{DAA99AE3-EEED-4A40-8F83-5E75BD17A290}.Release|Any CPU.ActiveCfg = Release|Any CPU
		{DAA99AE3-EEED-4A40-8F83-5E75BD17A290}.Release|Any CPU.Build.0 = Release|Any CPU
		{2A053CAD-E3CD-4D90-B0AB-D3A9691CF504}.Debug|Any CPU.ActiveCfg = Debug|Any CPU
		{2A053CAD-E3CD-4D90-B0AB-D3A9691CF504}.Debug|Any CPU.Build.0 = Debug|Any CPU
		{2A053CAD-E3CD-4D90-B0AB-D3A9691CF504}.Release|Any CPU.ActiveCfg = Release|Any CPU
		{2A053CAD-E3CD-4D90-B0AB-D3A9691CF504}.Release|Any CPU.Build.0 = Release|Any CPU
		{8E170D86-AAAA-4EC2-B9E2-9A786F08ED85}.Debug|Any CPU.ActiveCfg = Debug|Any CPU
		{8E170D86-AAAA-4EC2-B9E2-9A786F08ED85}.Debug|Any CPU.Build.0 = Debug|Any CPU
		{8E170D86-AAAA-4EC2-B9E2-9A786F08ED85}.Release|Any CPU.ActiveCfg = Release|Any CPU
		{8E170D86-AAAA-4EC2-B9E2-9A786F08ED85}.Release|Any CPU.Build.0 = Release|Any CPU
		{3D935852-FCFB-4D9B-A4CA-813713F5B96A}.Debug|Any CPU.ActiveCfg = Debug|Any CPU
		{3D935852-FCFB-4D9B-A4CA-813713F5B96A}.Debug|Any CPU.Build.0 = Debug|Any CPU
		{3D935852-FCFB-4D9B-A4CA-813713F5B96A}.Release|Any CPU.ActiveCfg = Release|Any CPU
		{3D935852-FCFB-4D9B-A4CA-813713F5B96A}.Release|Any CPU.Build.0 = Release|Any CPU
	EndGlobalSection
	GlobalSection(SolutionProperties) = preSolution
		HideSolutionNode = FALSE
	EndGlobalSection
	GlobalSection(ExtensibilityGlobals) = postSolution
		SolutionGuid = {44389310-668C-4B4E-B28C-1CB92D552689}
	EndGlobalSection
EndGlobal
